
Microsoft Visual Studio Solution File, Format Version 12.00
# Visual Studio Version 17
VisualStudioVersion = 17.7.34031.279
MinimumVisualStudioVersion = 10.0.40219.1
Project("{FAE04EC0-301F-11D3-BF4B-00C04F79EFBC}") = "DemoClient", "DemoClient\DemoClient.csproj", "{986CF41D-8336-4BDB-A141-9DB2EF385AAA}"
EndProject
Global
	GlobalSection(SolutionConfigurationPlatforms) = preSolution
		Debug|Any CPU = Debug|Any CPU
		Release|Any CPU = Release|Any CPU
	EndGlobalSection
	GlobalSection(ProjectConfigurationPlatforms) = postSolution
		{986CF41D-8336-4BDB-A141-9DB2EF385AAA}.Debug|Any CPU.ActiveCfg = Debug|Any CPU
		{986CF41D-8336-4BDB-A141-9DB2EF385AAA}.Debug|Any CPU.Build.0 = Debug|Any CPU
		{986CF41D-8336-4BDB-A141-9DB2EF385AAA}.Release|Any CPU.ActiveCfg = Release|Any CPU
		{986CF41D-8336-4BDB-A141-9DB2EF385AAA}.Release|Any CPU.Build.0 = Release|Any CPU
	EndGlobalSection
	GlobalSection(SolutionProperties) = preSolution
		HideSolutionNode = FALSE
	EndGlobalSection
	GlobalSection(ExtensibilityGlobals) = postSolution
		SolutionGuid = {E0F4B7A2-ABB9-4387-84A8-293854745925}
	EndGlobalSection
EndGlobal
