
Microsoft Visual Studio Solution File, Format Version 12.00
# Visual Studio Version 17
VisualStudioVersion = 17.6.33927.249
MinimumVisualStudioVersion = 10.0.40219.1
Project("{E53339B2-1760-4266-BCC7-CA923CBCF16C}") = "docker-compose", "..\DockerCompose\docker-compose.dcproj", "{8936CF84-7218-4185-9347-DF199D3EBDBA}"
EndProject
Project("{9A19103F-16F7-4668-BE54-9A1E7A4F7556}") = "Email.Api", "Email.Api\Email.Api.csproj", "{55D299C4-D70F-4AC5-BA22-D57A0D172E01}"
EndProject
Project("{9A19103F-16F7-4668-BE54-9A1E7A4F7556}") = "Email.Logic", "Email.Logic\Email.Logic.csproj", "{1AD50F30-50AC-49F9-BA30-42441C2BCB45}"
EndProject
Project("{9A19103F-16F7-4668-BE54-9A1E7A4F7556}") = "Email.Logic.Tests", "Email.Logic.Tests\Email.Logic.Tests.csproj", "{E73F381F-37A7-4991-BAC9-10AC0AA45DA4}"
EndProject
Project("{9A19103F-16F7-4668-BE54-9A1E7A4F7556}") = "Email.Repository", "Email.Repository\Email.Repository.csproj", "{36D27384-CAF1-484F-B571-161A42A30AC7}"
EndProject
Project("{9A19103F-16F7-4668-BE54-9A1E7A4F7556}") = "Email.Repository.IntegrationTests", "Email.Repository.IntegrationTests\Email.Repository.IntegrationTests.csproj", "{EA22AD02-B044-48BB-A1CC-9DB7A6605323}"
EndProject
Project("{9A19103F-16F7-4668-BE54-9A1E7A4F7556}") = "Email.Repository.UnitTests", "Email.Repository.UnitTests\Email.Repository.UnitTests.csproj", "{E2B842FE-51B3-4AAE-9775-DEE215CB83A3}"
EndProject
Global
	GlobalSection(SolutionConfigurationPlatforms) = preSolution
		Debug|Any CPU = Debug|Any CPU
		Release|Any CPU = Release|Any CPU
	EndGlobalSection
	GlobalSection(ProjectConfigurationPlatforms) = postSolution
		{8936CF84-7218-4185-9347-DF199D3EBDBA}.Debug|Any CPU.ActiveCfg = Debug|Any CPU
		{8936CF84-7218-4185-9347-DF199D3EBDBA}.Debug|Any CPU.Build.0 = Debug|Any CPU
		{8936CF84-7218-4185-9347-DF199D3EBDBA}.Release|Any CPU.ActiveCfg = Release|Any CPU
		{8936CF84-7218-4185-9347-DF199D3EBDBA}.Release|Any CPU.Build.0 = Release|Any CPU
		{55D299C4-D70F-4AC5-BA22-D57A0D172E01}.Debug|Any CPU.ActiveCfg = Debug|Any CPU
		{55D299C4-D70F-4AC5-BA22-D57A0D172E01}.Debug|Any CPU.Build.0 = Debug|Any CPU
		{55D299C4-D70F-4AC5-BA22-D57A0D172E01}.Release|Any CPU.ActiveCfg = Release|Any CPU
		{55D299C4-D70F-4AC5-BA22-D57A0D172E01}.Release|Any CPU.Build.0 = Release|Any CPU
		{1AD50F30-50AC-49F9-BA30-42441C2BCB45}.Debug|Any CPU.ActiveCfg = Debug|Any CPU
		{1AD50F30-50AC-49F9-BA30-42441C2BCB45}.Debug|Any CPU.Build.0 = Debug|Any CPU
		{1AD50F30-50AC-49F9-BA30-42441C2BCB45}.Release|Any CPU.ActiveCfg = Release|Any CPU
		{1AD50F30-50AC-49F9-BA30-42441C2BCB45}.Release|Any CPU.Build.0 = Release|Any CPU
		{E73F381F-37A7-4991-BAC9-10AC0AA45DA4}.Debug|Any CPU.ActiveCfg = Debug|Any CPU
		{E73F381F-37A7-4991-BAC9-10AC0AA45DA4}.Debug|Any CPU.Build.0 = Debug|Any CPU
		{E73F381F-37A7-4991-BAC9-10AC0AA45DA4}.Release|Any CPU.ActiveCfg = Release|Any CPU
		{E73F381F-37A7-4991-BAC9-10AC0AA45DA4}.Release|Any CPU.Build.0 = Release|Any CPU
		{36D27384-CAF1-484F-B571-161A42A30AC7}.Debug|Any CPU.ActiveCfg = Debug|Any CPU
		{36D27384-CAF1-484F-B571-161A42A30AC7}.Debug|Any CPU.Build.0 = Debug|Any CPU
		{36D27384-CAF1-484F-B571-161A42A30AC7}.Release|Any CPU.ActiveCfg = Release|Any CPU
		{36D27384-CAF1-484F-B571-161A42A30AC7}.Release|Any CPU.Build.0 = Release|Any CPU
		{EA22AD02-B044-48BB-A1CC-9DB7A6605323}.Debug|Any CPU.ActiveCfg = Debug|Any CPU
		{EA22AD02-B044-48BB-A1CC-9DB7A6605323}.Debug|Any CPU.Build.0 = Debug|Any CPU
		{EA22AD02-B044-48BB-A1CC-9DB7A6605323}.Release|Any CPU.ActiveCfg = Release|Any CPU
		{EA22AD02-B044-48BB-A1CC-9DB7A6605323}.Release|Any CPU.Build.0 = Release|Any CPU
		{E2B842FE-51B3-4AAE-9775-DEE215CB83A3}.Debug|Any CPU.ActiveCfg = Debug|Any CPU
		{E2B842FE-51B3-4AAE-9775-DEE215CB83A3}.Debug|Any CPU.Build.0 = Debug|Any CPU
		{E2B842FE-51B3-4AAE-9775-DEE215CB83A3}.Release|Any CPU.ActiveCfg = Release|Any CPU
		{E2B842FE-51B3-4AAE-9775-DEE215CB83A3}.Release|Any CPU.Build.0 = Release|Any CPU
	EndGlobalSection
	GlobalSection(SolutionProperties) = preSolution
		HideSolutionNode = FALSE
	EndGlobalSection
	GlobalSection(ExtensibilityGlobals) = postSolution
		SolutionGuid = {6F7CDE7E-901C-4618-AF4F-8D0F73A6801C}
	EndGlobalSection
EndGlobal
